
Microsoft Visual Studio Solution File, Format Version 12.00
# Visual Studio Version 16
VisualStudioVersion = 16.0.30225.117
MinimumVisualStudioVersion = 10.0.40219.1
Project("{9A19103F-16F7-4668-BE54-9A1E7A4F7556}") = "6.DayWins", "6.DayWins\6.DayWins.csproj", "{4251DF03-3B1E-4875-9C50-C94BE1B33B39}"
EndProject
Project("{9A19103F-16F7-4668-BE54-9A1E7A4F7556}") = "5.KartingRang", "5.KartingRang\5.KartingRang.csproj", "{7824406C-152C-442F-8031-46F885068724}"
EndProject
Project("{9A19103F-16F7-4668-BE54-9A1E7A4F7556}") = "4.GiftFromSantaClaus", "4.GiftFromSantaClaus\4.GiftFromSantaClaus\4.GiftFromSantaClaus.csproj", "{AB42A6A1-BCA7-40A7-B84C-64583C18444D}"
EndProject
Project("{FAE04EC0-301F-11D3-BF4B-00C04F79EFBC}") = "01. Shoping For School", "01. Shoping For School\01. Shoping For School.csproj", "{C79A7AD0-8CF0-48AE-8128-239B2B648E1B}"
EndProject
Project("{FAE04EC0-301F-11D3-BF4B-00C04F79EFBC}") = "02. Travel Agency", "02. Travel Agency\02. Travel Agency.csproj", "{A612108B-C803-4F51-832B-984A984D7752}"
EndProject
Project("{FAE04EC0-301F-11D3-BF4B-00C04F79EFBC}") = "03. Kart Center", "03. Kart Center\03. Kart Center.csproj", "{5361F84D-EF74-4F55-AD93-75167715E135}"
EndProject
Global
	GlobalSection(SolutionConfigurationPlatforms) = preSolution
		Debug|Any CPU = Debug|Any CPU
		Release|Any CPU = Release|Any CPU
	EndGlobalSection
	GlobalSection(ProjectConfigurationPlatforms) = postSolution
		{4251DF03-3B1E-4875-9C50-C94BE1B33B39}.Debug|Any CPU.ActiveCfg = Debug|Any CPU
		{4251DF03-3B1E-4875-9C50-C94BE1B33B39}.Debug|Any CPU.Build.0 = Debug|Any CPU
		{4251DF03-3B1E-4875-9C50-C94BE1B33B39}.Release|Any CPU.ActiveCfg = Release|Any CPU
		{4251DF03-3B1E-4875-9C50-C94BE1B33B39}.Release|Any CPU.Build.0 = Release|Any CPU
		{7824406C-152C-442F-8031-46F885068724}.Debug|Any CPU.ActiveCfg = Debug|Any CPU
		{7824406C-152C-442F-8031-46F885068724}.Debug|Any CPU.Build.0 = Debug|Any CPU
		{7824406C-152C-442F-8031-46F885068724}.Release|Any CPU.ActiveCfg = Release|Any CPU
		{7824406C-152C-442F-8031-46F885068724}.Release|Any CPU.Build.0 = Release|Any CPU
		{AB42A6A1-BCA7-40A7-B84C-64583C18444D}.Debug|Any CPU.ActiveCfg = Debug|Any CPU
		{AB42A6A1-BCA7-40A7-B84C-64583C18444D}.Debug|Any CPU.Build.0 = Debug|Any CPU
		{AB42A6A1-BCA7-40A7-B84C-64583C18444D}.Release|Any CPU.ActiveCfg = Release|Any CPU
		{AB42A6A1-BCA7-40A7-B84C-64583C18444D}.Release|Any CPU.Build.0 = Release|Any CPU
		{C79A7AD0-8CF0-48AE-8128-239B2B648E1B}.Debug|Any CPU.ActiveCfg = Debug|Any CPU
		{C79A7AD0-8CF0-48AE-8128-239B2B648E1B}.Debug|Any CPU.Build.0 = Debug|Any CPU
		{C79A7AD0-8CF0-48AE-8128-239B2B648E1B}.Release|Any CPU.ActiveCfg = Release|Any CPU
		{C79A7AD0-8CF0-48AE-8128-239B2B648E1B}.Release|Any CPU.Build.0 = Release|Any CPU
		{A612108B-C803-4F51-832B-984A984D7752}.Debug|Any CPU.ActiveCfg = Debug|Any CPU
		{A612108B-C803-4F51-832B-984A984D7752}.Debug|Any CPU.Build.0 = Debug|Any CPU
		{A612108B-C803-4F51-832B-984A984D7752}.Release|Any CPU.ActiveCfg = Release|Any CPU
		{A612108B-C803-4F51-832B-984A984D7752}.Release|Any CPU.Build.0 = Release|Any CPU
		{5361F84D-EF74-4F55-AD93-75167715E135}.Debug|Any CPU.ActiveCfg = Debug|Any CPU
		{5361F84D-EF74-4F55-AD93-75167715E135}.Debug|Any CPU.Build.0 = Debug|Any CPU
		{5361F84D-EF74-4F55-AD93-75167715E135}.Release|Any CPU.ActiveCfg = Release|Any CPU
		{5361F84D-EF74-4F55-AD93-75167715E135}.Release|Any CPU.Build.0 = Release|Any CPU
	EndGlobalSection
	GlobalSection(SolutionProperties) = preSolution
		HideSolutionNode = FALSE
	EndGlobalSection
	GlobalSection(ExtensibilityGlobals) = postSolution
		SolutionGuid = {C18D1F69-76FA-4542-B0B2-35B918FBFB7C}
	EndGlobalSection
EndGlobal
